
Microsoft Visual Studio Solution File, Format Version 12.00
# Visual Studio Version 17
VisualStudioVersion = 17.5.002.0
MinimumVisualStudioVersion = 10.0.40219.1
Project("{9A19103F-16F7-4668-BE54-9A1E7A4F7556}") = "netapi", "netapi.csproj", "{B7527B52-5D32-4742-8F68-51BCE4834B02}"
EndProject
Project("{FAE04EC0-301F-11D3-BF4B-00C04F79EFBC}") = "Tests", "..\Tests\Tests.csproj", "{24772404-0589-446B-92ED-2E7BDBF52E65}"
EndProject
Global
	GlobalSection(SolutionConfigurationPlatforms) = preSolution
		Debug|Any CPU = Debug|Any CPU
		Release|Any CPU = Release|Any CPU
	EndGlobalSection
	GlobalSection(ProjectConfigurationPlatforms) = postSolution
		{B7527B52-5D32-4742-8F68-51BCE4834B02}.Debug|Any CPU.ActiveCfg = Debug|Any CPU
		{B7527B52-5D32-4742-8F68-51BCE4834B02}.Debug|Any CPU.Build.0 = Debug|Any CPU
		{B7527B52-5D32-4742-8F68-51BCE4834B02}.Release|Any CPU.ActiveCfg = Release|Any CPU
		{B7527B52-5D32-4742-8F68-51BCE4834B02}.Release|Any CPU.Build.0 = Release|Any CPU
		{24772404-0589-446B-92ED-2E7BDBF52E65}.Debug|Any CPU.ActiveCfg = Debug|Any CPU
		{24772404-0589-446B-92ED-2E7BDBF52E65}.Debug|Any CPU.Build.0 = Debug|Any CPU
		{24772404-0589-446B-92ED-2E7BDBF52E65}.Release|Any CPU.ActiveCfg = Release|Any CPU
		{24772404-0589-446B-92ED-2E7BDBF52E65}.Release|Any CPU.Build.0 = Release|Any CPU
	EndGlobalSection
	GlobalSection(SolutionProperties) = preSolution
		HideSolutionNode = FALSE
	EndGlobalSection
	GlobalSection(ExtensibilityGlobals) = postSolution
		SolutionGuid = {5D9A43C6-0E06-4235-A0AA-9B634BF0796D}
	EndGlobalSection
EndGlobal
